// !$*UTF8*$!
{
	archiveVersion = 1;
	classes = {
	};
	objectVersion = 51;
	objects = {

/* Begin PBXBuildFile section */
		14F40AD9B7C0460E2A4019FC /* Pods_RxDataSourcesSample_RxDataSourcesSampleUITests.framework in Frameworks */ = {isa = PBXBuildFile; fileRef = 5818A7012C8447BF359B85DD /* Pods_RxDataSourcesSample_RxDataSourcesSampleUITests.framework */; };
		5529BBC725CE75E0008F5865 /* AppDelegate.swift in Sources */ = {isa = PBXBuildFile; fileRef = 5529BBC625CE75E0008F5865 /* AppDelegate.swift */; };
		5529BBC925CE75E0008F5865 /* SceneDelegate.swift in Sources */ = {isa = PBXBuildFile; fileRef = 5529BBC825CE75E0008F5865 /* SceneDelegate.swift */; };
		5529BBCB25CE75E0008F5865 /* ViewController.swift in Sources */ = {isa = PBXBuildFile; fileRef = 5529BBCA25CE75E0008F5865 /* ViewController.swift */; };
		5529BBCE25CE75E0008F5865 /* Main.storyboard in Resources */ = {isa = PBXBuildFile; fileRef = 5529BBCC25CE75E0008F5865 /* Main.storyboard */; };
		5529BBD025CE75E3008F5865 /* Assets.xcassets in Resources */ = {isa = PBXBuildFile; fileRef = 5529BBCF25CE75E3008F5865 /* Assets.xcassets */; };
		5529BBD325CE75E3008F5865 /* LaunchScreen.storyboard in Resources */ = {isa = PBXBuildFile; fileRef = 5529BBD125CE75E3008F5865 /* LaunchScreen.storyboard */; };
		5529BBDE25CE75E3008F5865 /* RxDataSourcesSampleTests.swift in Sources */ = {isa = PBXBuildFile; fileRef = 5529BBDD25CE75E3008F5865 /* RxDataSourcesSampleTests.swift */; };
		5529BBE925CE75E3008F5865 /* RxDataSourcesSampleUITests.swift in Sources */ = {isa = PBXBuildFile; fileRef = 5529BBE825CE75E3008F5865 /* RxDataSourcesSampleUITests.swift */; };
		80A78EAF19C97530ABD8F624 /* Pods_RxDataSourcesSample.framework in Frameworks */ = {isa = PBXBuildFile; fileRef = 9855637C9CB5A6C75280EF6B /* Pods_RxDataSourcesSample.framework */; };
		86095B588FC837E75D2372FF /* Pods_RxDataSourcesSampleTests.framework in Frameworks */ = {isa = PBXBuildFile; fileRef = 619EE2FFED7112A8569A4982 /* Pods_RxDataSourcesSampleTests.framework */; };
/* End PBXBuildFile section */

/* Begin PBXContainerItemProxy section */
		5529BBDA25CE75E3008F5865 /* PBXContainerItemProxy */ = {
			isa = PBXContainerItemProxy;
			containerPortal = 5529BBBB25CE75E0008F5865 /* Project object */;
			proxyType = 1;
			remoteGlobalIDString = 5529BBC225CE75E0008F5865;
			remoteInfo = RxDataSourcesSample;
		};
		5529BBE525CE75E3008F5865 /* PBXContainerItemProxy */ = {
			isa = PBXContainerItemProxy;
			containerPortal = 5529BBBB25CE75E0008F5865 /* Project object */;
			proxyType = 1;
			remoteGlobalIDString = 5529BBC225CE75E0008F5865;
			remoteInfo = RxDataSourcesSample;
		};
/* End PBXContainerItemProxy section */

/* Begin PBXFileReference section */
		15A2775E78F0FE49BA0D7414 /* Pods-RxDataSourcesSample.release.xcconfig */ = {isa = PBXFileReference; includeInIndex = 1; lastKnownFileType = text.xcconfig; name = "Pods-RxDataSourcesSample.release.xcconfig"; path = "Target Support Files/Pods-RxDataSourcesSample/Pods-RxDataSourcesSample.release.xcconfig"; sourceTree = "<group>"; };
		1603CB9EF020EA8F63106F8A /* Pods-RxDataSourcesSampleTests.release.xcconfig */ = {isa = PBXFileReference; includeInIndex = 1; lastKnownFileType = text.xcconfig; name = "Pods-RxDataSourcesSampleTests.release.xcconfig"; path = "Target Support Files/Pods-RxDataSourcesSampleTests/Pods-RxDataSourcesSampleTests.release.xcconfig"; sourceTree = "<group>"; };
		4265A7DBFE30115242941A80 /* Pods-RxDataSourcesSample-RxDataSourcesSampleUITests.debug.xcconfig */ = {isa = PBXFileReference; includeInIndex = 1; lastKnownFileType = text.xcconfig; name = "Pods-RxDataSourcesSample-RxDataSourcesSampleUITests.debug.xcconfig"; path = "Target Support Files/Pods-RxDataSourcesSample-RxDataSourcesSampleUITests/Pods-RxDataSourcesSample-RxDataSourcesSampleUITests.debug.xcconfig"; sourceTree = "<group>"; };
		5529BBC325CE75E0008F5865 /* RxDataSourcesSample.app */ = {isa = PBXFileReference; explicitFileType = wrapper.application; includeInIndex = 0; path = RxDataSourcesSample.app; sourceTree = BUILT_PRODUCTS_DIR; };
		5529BBC625CE75E0008F5865 /* AppDelegate.swift */ = {isa = PBXFileReference; lastKnownFileType = sourcecode.swift; path = AppDelegate.swift; sourceTree = "<group>"; };
		5529BBC825CE75E0008F5865 /* SceneDelegate.swift */ = {isa = PBXFileReference; lastKnownFileType = sourcecode.swift; path = SceneDelegate.swift; sourceTree = "<group>"; };
		5529BBCA25CE75E0008F5865 /* ViewController.swift */ = {isa = PBXFileReference; lastKnownFileType = sourcecode.swift; path = ViewController.swift; sourceTree = "<group>"; };
		5529BBCD25CE75E0008F5865 /* Base */ = {isa = PBXFileReference; lastKnownFileType = file.storyboard; name = Base; path = Base.lproj/Main.storyboard; sourceTree = "<group>"; };
		5529BBCF25CE75E3008F5865 /* Assets.xcassets */ = {isa = PBXFileReference; lastKnownFileType = folder.assetcatalog; path = Assets.xcassets; sourceTree = "<group>"; };
		5529BBD225CE75E3008F5865 /* Base */ = {isa = PBXFileReference; lastKnownFileType = file.storyboard; name = Base; path = Base.lproj/LaunchScreen.storyboard; sourceTree = "<group>"; };
		5529BBD425CE75E3008F5865 /* Info.plist */ = {isa = PBXFileReference; lastKnownFileType = text.plist.xml; path = Info.plist; sourceTree = "<group>"; };
		5529BBD925CE75E3008F5865 /* RxDataSourcesSampleTests.xctest */ = {isa = PBXFileReference; explicitFileType = wrapper.cfbundle; includeInIndex = 0; path = RxDataSourcesSampleTests.xctest; sourceTree = BUILT_PRODUCTS_DIR; };
		5529BBDD25CE75E3008F5865 /* RxDataSourcesSampleTests.swift */ = {isa = PBXFileReference; lastKnownFileType = sourcecode.swift; path = RxDataSourcesSampleTests.swift; sourceTree = "<group>"; };
		5529BBDF25CE75E3008F5865 /* Info.plist */ = {isa = PBXFileReference; lastKnownFileType = text.plist.xml; path = Info.plist; sourceTree = "<group>"; };
		5529BBE425CE75E3008F5865 /* RxDataSourcesSampleUITests.xctest */ = {isa = PBXFileReference; explicitFileType = wrapper.cfbundle; includeInIndex = 0; path = RxDataSourcesSampleUITests.xctest; sourceTree = BUILT_PRODUCTS_DIR; };
		5529BBE825CE75E3008F5865 /* RxDataSourcesSampleUITests.swift */ = {isa = PBXFileReference; lastKnownFileType = sourcecode.swift; path = RxDataSourcesSampleUITests.swift; sourceTree = "<group>"; };
		5529BBEA25CE75E3008F5865 /* Info.plist */ = {isa = PBXFileReference; lastKnownFileType = text.plist.xml; path = Info.plist; sourceTree = "<group>"; };
		5818A7012C8447BF359B85DD /* Pods_RxDataSourcesSample_RxDataSourcesSampleUITests.framework */ = {isa = PBXFileReference; explicitFileType = wrapper.framework; includeInIndex = 0; path = Pods_RxDataSourcesSample_RxDataSourcesSampleUITests.framework; sourceTree = BUILT_PRODUCTS_DIR; };
		619EE2FFED7112A8569A4982 /* Pods_RxDataSourcesSampleTests.framework */ = {isa = PBXFileReference; explicitFileType = wrapper.framework; includeInIndex = 0; path = Pods_RxDataSourcesSampleTests.framework; sourceTree = BUILT_PRODUCTS_DIR; };
		8239BB59B16D1210C94F13A8 /* Pods-RxDataSourcesSample-RxDataSourcesSampleUITests.release.xcconfig */ = {isa = PBXFileReference; includeInIndex = 1; lastKnownFileType = text.xcconfig; name = "Pods-RxDataSourcesSample-RxDataSourcesSampleUITests.release.xcconfig"; path = "Target Support Files/Pods-RxDataSourcesSample-RxDataSourcesSampleUITests/Pods-RxDataSourcesSample-RxDataSourcesSampleUITests.release.xcconfig"; sourceTree = "<group>"; };
		84DCCD44942AF29A472BE07B /* Pods-RxDataSourcesSampleTests.debug.xcconfig */ = {isa = PBXFileReference; includeInIndex = 1; lastKnownFileType = text.xcconfig; name = "Pods-RxDataSourcesSampleTests.debug.xcconfig"; path = "Target Support Files/Pods-RxDataSourcesSampleTests/Pods-RxDataSourcesSampleTests.debug.xcconfig"; sourceTree = "<group>"; };
		9855637C9CB5A6C75280EF6B /* Pods_RxDataSourcesSample.framework */ = {isa = PBXFileReference; explicitFileType = wrapper.framework; includeInIndex = 0; path = Pods_RxDataSourcesSample.framework; sourceTree = BUILT_PRODUCTS_DIR; };
		C2D1B4DF6BE3A680F6358441 /* Pods-RxDataSourcesSample.debug.xcconfig */ = {isa = PBXFileReference; includeInIndex = 1; lastKnownFileType = text.xcconfig; name = "Pods-RxDataSourcesSample.debug.xcconfig"; path = "Target Support Files/Pods-RxDataSourcesSample/Pods-RxDataSourcesSample.debug.xcconfig"; sourceTree = "<group>"; };
/* End PBXFileReference section */

/* Begin PBXFrameworksBuildPhase section */
		5529BBC025CE75E0008F5865 /* Frameworks */ = {
			isa = PBXFrameworksBuildPhase;
			buildActionMask = 2147483647;
			files = (
				80A78EAF19C97530ABD8F624 /* Pods_RxDataSourcesSample.framework in Frameworks */,
			);
			runOnlyForDeploymentPostprocessing = 0;
		};
		5529BBD625CE75E3008F5865 /* Frameworks */ = {
			isa = PBXFrameworksBuildPhase;
			buildActionMask = 2147483647;
			files = (
				86095B588FC837E75D2372FF /* Pods_RxDataSourcesSampleTests.framework in Frameworks */,
			);
			runOnlyForDeploymentPostprocessing = 0;
		};
		5529BBE125CE75E3008F5865 /* Frameworks */ = {
			isa = PBXFrameworksBuildPhase;
			buildActionMask = 2147483647;
			files = (
				14F40AD9B7C0460E2A4019FC /* Pods_RxDataSourcesSample_RxDataSourcesSampleUITests.framework in Frameworks */,
			);
			runOnlyForDeploymentPostprocessing = 0;
		};
/* End PBXFrameworksBuildPhase section */

/* Begin PBXGroup section */
		5529BBBA25CE75E0008F5865 = {
			isa = PBXGroup;
			children = (
				5529BBC525CE75E0008F5865 /* RxDataSourcesSample */,
				5529BBDC25CE75E3008F5865 /* RxDataSourcesSampleTests */,
				5529BBE725CE75E3008F5865 /* RxDataSourcesSampleUITests */,
				5529BBC425CE75E0008F5865 /* Products */,
				B7A39DF433F43904BA40FE88 /* Pods */,
				65D77556BCE53DBE98CCCEA7 /* Frameworks */,
			);
			sourceTree = "<group>";
		};
		5529BBC425CE75E0008F5865 /* Products */ = {
			isa = PBXGroup;
			children = (
				5529BBC325CE75E0008F5865 /* RxDataSourcesSample.app */,
				5529BBD925CE75E3008F5865 /* RxDataSourcesSampleTests.xctest */,
				5529BBE425CE75E3008F5865 /* RxDataSourcesSampleUITests.xctest */,
			);
			name = Products;
			sourceTree = "<group>";
		};
		5529BBC525CE75E0008F5865 /* RxDataSourcesSample */ = {
			isa = PBXGroup;
			children = (
				5529BBC625CE75E0008F5865 /* AppDelegate.swift */,
				5529BBC825CE75E0008F5865 /* SceneDelegate.swift */,
				5529BBCA25CE75E0008F5865 /* ViewController.swift */,
				5529BBCC25CE75E0008F5865 /* Main.storyboard */,
				5529BBCF25CE75E3008F5865 /* Assets.xcassets */,
				5529BBD125CE75E3008F5865 /* LaunchScreen.storyboard */,
				5529BBD425CE75E3008F5865 /* Info.plist */,
			);
			path = RxDataSourcesSample;
			sourceTree = "<group>";
		};
		5529BBDC25CE75E3008F5865 /* RxDataSourcesSampleTests */ = {
			isa = PBXGroup;
			children = (
				5529BBDD25CE75E3008F5865 /* RxDataSourcesSampleTests.swift */,
				5529BBDF25CE75E3008F5865 /* Info.plist */,
			);
			path = RxDataSourcesSampleTests;
			sourceTree = "<group>";
		};
		5529BBE725CE75E3008F5865 /* RxDataSourcesSampleUITests */ = {
			isa = PBXGroup;
			children = (
				5529BBE825CE75E3008F5865 /* RxDataSourcesSampleUITests.swift */,
				5529BBEA25CE75E3008F5865 /* Info.plist */,
			);
			path = RxDataSourcesSampleUITests;
			sourceTree = "<group>";
		};
		65D77556BCE53DBE98CCCEA7 /* Frameworks */ = {
			isa = PBXGroup;
			children = (
				9855637C9CB5A6C75280EF6B /* Pods_RxDataSourcesSample.framework */,
				5818A7012C8447BF359B85DD /* Pods_RxDataSourcesSample_RxDataSourcesSampleUITests.framework */,
				619EE2FFED7112A8569A4982 /* Pods_RxDataSourcesSampleTests.framework */,
			);
			name = Frameworks;
			sourceTree = "<group>";
		};
		B7A39DF433F43904BA40FE88 /* Pods */ = {
			isa = PBXGroup;
			children = (
				C2D1B4DF6BE3A680F6358441 /* Pods-RxDataSourcesSample.debug.xcconfig */,
				15A2775E78F0FE49BA0D7414 /* Pods-RxDataSourcesSample.release.xcconfig */,
				4265A7DBFE30115242941A80 /* Pods-RxDataSourcesSample-RxDataSourcesSampleUITests.debug.xcconfig */,
				8239BB59B16D1210C94F13A8 /* Pods-RxDataSourcesSample-RxDataSourcesSampleUITests.release.xcconfig */,
				84DCCD44942AF29A472BE07B /* Pods-RxDataSourcesSampleTests.debug.xcconfig */,
				1603CB9EF020EA8F63106F8A /* Pods-RxDataSourcesSampleTests.release.xcconfig */,
			);
			path = Pods;
			sourceTree = "<group>";
		};
/* End PBXGroup section */

/* Begin PBXNativeTarget section */
		5529BBC225CE75E0008F5865 /* RxDataSourcesSample */ = {
			isa = PBXNativeTarget;
			buildConfigurationList = 5529BBED25CE75E3008F5865 /* Build configuration list for PBXNativeTarget "RxDataSourcesSample" */;
			buildPhases = (
				35943453CF381A7E360F56C9 /* [CP] Check Pods Manifest.lock */,
				5529BBBF25CE75E0008F5865 /* Sources */,
				5529BBC025CE75E0008F5865 /* Frameworks */,
				5529BBC125CE75E0008F5865 /* Resources */,
				B9553C95520D27A41AFE5FC0 /* [CP] Embed Pods Frameworks */,
			);
			buildRules = (
			);
			dependencies = (
			);
			name = RxDataSourcesSample;
			productName = RxDataSourcesSample;
			productReference = 5529BBC325CE75E0008F5865 /* RxDataSourcesSample.app */;
			productType = "com.apple.product-type.application";
		};
		5529BBD825CE75E3008F5865 /* RxDataSourcesSampleTests */ = {
			isa = PBXNativeTarget;
			buildConfigurationList = 5529BBF025CE75E3008F5865 /* Build configuration list for PBXNativeTarget "RxDataSourcesSampleTests" */;
			buildPhases = (
				E5A4BFABC0EAC68482E16F32 /* [CP] Check Pods Manifest.lock */,
				5529BBD525CE75E3008F5865 /* Sources */,
				5529BBD625CE75E3008F5865 /* Frameworks */,
				5529BBD725CE75E3008F5865 /* Resources */,
			);
			buildRules = (
			);
			dependencies = (
				5529BBDB25CE75E3008F5865 /* PBXTargetDependency */,
			);
			name = RxDataSourcesSampleTests;
			productName = RxDataSourcesSampleTests;
			productReference = 5529BBD925CE75E3008F5865 /* RxDataSourcesSampleTests.xctest */;
			productType = "com.apple.product-type.bundle.unit-test";
		};
		5529BBE325CE75E3008F5865 /* RxDataSourcesSampleUITests */ = {
			isa = PBXNativeTarget;
			buildConfigurationList = 5529BBF325CE75E3008F5865 /* Build configuration list for PBXNativeTarget "RxDataSourcesSampleUITests" */;
			buildPhases = (
				86359F82F0B9BBA384F534A4 /* [CP] Check Pods Manifest.lock */,
				5529BBE025CE75E3008F5865 /* Sources */,
				5529BBE125CE75E3008F5865 /* Frameworks */,
				5529BBE225CE75E3008F5865 /* Resources */,
				901EC98062A6A4419BAF8F15 /* [CP] Embed Pods Frameworks */,
			);
			buildRules = (
			);
			dependencies = (
				5529BBE625CE75E3008F5865 /* PBXTargetDependency */,
			);
			name = RxDataSourcesSampleUITests;
			productName = RxDataSourcesSampleUITests;
			productReference = 5529BBE425CE75E3008F5865 /* RxDataSourcesSampleUITests.xctest */;
			productType = "com.apple.product-type.bundle.ui-testing";
		};
/* End PBXNativeTarget section */

/* Begin PBXProject section */
		5529BBBB25CE75E0008F5865 /* Project object */ = {
			isa = PBXProject;
			attributes = {
				LastSwiftUpdateCheck = 1240;
				LastUpgradeCheck = 1240;
				TargetAttributes = {
					5529BBC225CE75E0008F5865 = {
						CreatedOnToolsVersion = 12.4;
					};
					5529BBD825CE75E3008F5865 = {
						CreatedOnToolsVersion = 12.4;
						TestTargetID = 5529BBC225CE75E0008F5865;
					};
					5529BBE325CE75E3008F5865 = {
						CreatedOnToolsVersion = 12.4;
						TestTargetID = 5529BBC225CE75E0008F5865;
					};
				};
			};
			buildConfigurationList = 5529BBBE25CE75E0008F5865 /* Build configuration list for PBXProject "RxDataSourcesSample" */;
			compatibilityVersion = "Xcode 9.3";
			developmentRegion = en;
			hasScannedForEncodings = 0;
			knownRegions = (
				en,
				Base,
			);
			mainGroup = 5529BBBA25CE75E0008F5865;
			productRefGroup = 5529BBC425CE75E0008F5865 /* Products */;
			projectDirPath = "";
			projectRoot = "";
			targets = (
				5529BBC225CE75E0008F5865 /* RxDataSourcesSample */,
				5529BBD825CE75E3008F5865 /* RxDataSourcesSampleTests */,
				5529BBE325CE75E3008F5865 /* RxDataSourcesSampleUITests */,
			);
		};
/* End PBXProject section */

/* Begin PBXResourcesBuildPhase section */
		5529BBC125CE75E0008F5865 /* Resources */ = {
			isa = PBXResourcesBuildPhase;
			buildActionMask = 2147483647;
			files = (
				5529BBD325CE75E3008F5865 /* LaunchScreen.storyboard in Resources */,
				5529BBD025CE75E3008F5865 /* Assets.xcassets in Resources */,
				5529BBCE25CE75E0008F5865 /* Main.storyboard in Resources */,
			);
			runOnlyForDeploymentPostprocessing = 0;
		};
		5529BBD725CE75E3008F5865 /* Resources */ = {
			isa = PBXResourcesBuildPhase;
			buildActionMask = 2147483647;
			files = (
			);
			runOnlyForDeploymentPostprocessing = 0;
		};
		5529BBE225CE75E3008F5865 /* Resources */ = {
			isa = PBXResourcesBuildPhase;
			buildActionMask = 2147483647;
			files = (
			);
			runOnlyForDeploymentPostprocessing = 0;
		};
/* End PBXResourcesBuildPhase section */

/* Begin PBXShellScriptBuildPhase section */
		35943453CF381A7E360F56C9 /* [CP] Check Pods Manifest.lock */ = {
			isa = PBXShellScriptBuildPhase;
			buildActionMask = 2147483647;
			files = (
			);
			inputFileListPaths = (
			);
			inputPaths = (
				"${PODS_PODFILE_DIR_PATH}/Podfile.lock",
				"${PODS_ROOT}/Manifest.lock",
			);
			name = "[CP] Check Pods Manifest.lock";
			outputFileListPaths = (
			);
			outputPaths = (
				"$(DERIVED_FILE_DIR)/Pods-RxDataSourcesSample-checkManifestLockResult.txt",
			);
			runOnlyForDeploymentPostprocessing = 0;
			shellPath = /bin/sh;
			shellScript = "diff \"${PODS_PODFILE_DIR_PATH}/Podfile.lock\" \"${PODS_ROOT}/Manifest.lock\" > /dev/null\nif [ $? != 0 ] ; then\n    # print error to STDERR\n    echo \"error: The sandbox is not in sync with the Podfile.lock. Run 'pod install' or update your CocoaPods installation.\" >&2\n    exit 1\nfi\n# This output is used by Xcode 'outputs' to avoid re-running this script phase.\necho \"SUCCESS\" > \"${SCRIPT_OUTPUT_FILE_0}\"\n";
			showEnvVarsInLog = 0;
		};
		86359F82F0B9BBA384F534A4 /* [CP] Check Pods Manifest.lock */ = {
			isa = PBXShellScriptBuildPhase;
			buildActionMask = 2147483647;
			files = (
			);
			inputFileListPaths = (
			);
			inputPaths = (
				"${PODS_PODFILE_DIR_PATH}/Podfile.lock",
				"${PODS_ROOT}/Manifest.lock",
			);
			name = "[CP] Check Pods Manifest.lock";
			outputFileListPaths = (
			);
			outputPaths = (
				"$(DERIVED_FILE_DIR)/Pods-RxDataSourcesSample-RxDataSourcesSampleUITests-checkManifestLockResult.txt",
			);
			runOnlyForDeploymentPostprocessing = 0;
			shellPath = /bin/sh;
			shellScript = "diff \"${PODS_PODFILE_DIR_PATH}/Podfile.lock\" \"${PODS_ROOT}/Manifest.lock\" > /dev/null\nif [ $? != 0 ] ; then\n    # print error to STDERR\n    echo \"error: The sandbox is not in sync with the Podfile.lock. Run 'pod install' or update your CocoaPods installation.\" >&2\n    exit 1\nfi\n# This output is used by Xcode 'outputs' to avoid re-running this script phase.\necho \"SUCCESS\" > \"${SCRIPT_OUTPUT_FILE_0}\"\n";
			showEnvVarsInLog = 0;
		};
		901EC98062A6A4419BAF8F15 /* [CP] Embed Pods Frameworks */ = {
			isa = PBXShellScriptBuildPhase;
			buildActionMask = 2147483647;
			files = (
			);
			inputFileListPaths = (
				"${PODS_ROOT}/Target Support Files/Pods-RxDataSourcesSample-RxDataSourcesSampleUITests/Pods-RxDataSourcesSample-RxDataSourcesSampleUITests-frameworks-${CONFIGURATION}-input-files.xcfilelist",
			);
			name = "[CP] Embed Pods Frameworks";
			outputFileListPaths = (
				"${PODS_ROOT}/Target Support Files/Pods-RxDataSourcesSample-RxDataSourcesSampleUITests/Pods-RxDataSourcesSample-RxDataSourcesSampleUITests-frameworks-${CONFIGURATION}-output-files.xcfilelist",
			);
			runOnlyForDeploymentPostprocessing = 0;
			shellPath = /bin/sh;
			shellScript = "\"${PODS_ROOT}/Target Support Files/Pods-RxDataSourcesSample-RxDataSourcesSampleUITests/Pods-RxDataSourcesSample-RxDataSourcesSampleUITests-frameworks.sh\"\n";
			showEnvVarsInLog = 0;
		};
		B9553C95520D27A41AFE5FC0 /* [CP] Embed Pods Frameworks */ = {
			isa = PBXShellScriptBuildPhase;
			buildActionMask = 2147483647;
			files = (
			);
			inputFileListPaths = (
				"${PODS_ROOT}/Target Support Files/Pods-RxDataSourcesSample/Pods-RxDataSourcesSample-frameworks-${CONFIGURATION}-input-files.xcfilelist",
			);
			name = "[CP] Embed Pods Frameworks";
			outputFileListPaths = (
				"${PODS_ROOT}/Target Support Files/Pods-RxDataSourcesSample/Pods-RxDataSourcesSample-frameworks-${CONFIGURATION}-output-files.xcfilelist",
			);
			runOnlyForDeploymentPostprocessing = 0;
			shellPath = /bin/sh;
			shellScript = "\"${PODS_ROOT}/Target Support Files/Pods-RxDataSourcesSample/Pods-RxDataSourcesSample-frameworks.sh\"\n";
			showEnvVarsInLog = 0;
		};
		E5A4BFABC0EAC68482E16F32 /* [CP] Check Pods Manifest.lock */ = {
			isa = PBXShellScriptBuildPhase;
			buildActionMask = 2147483647;
			files = (
			);
			inputFileListPaths = (
			);
			inputPaths = (
				"${PODS_PODFILE_DIR_PATH}/Podfile.lock",
				"${PODS_ROOT}/Manifest.lock",
			);
			name = "[CP] Check Pods Manifest.lock";
			outputFileListPaths = (
			);
			outputPaths = (
				"$(DERIVED_FILE_DIR)/Pods-RxDataSourcesSampleTests-checkManifestLockResult.txt",
			);
			runOnlyForDeploymentPostprocessing = 0;
			shellPath = /bin/sh;
			shellScript = "diff \"${PODS_PODFILE_DIR_PATH}/Podfile.lock\" \"${PODS_ROOT}/Manifest.lock\" > /dev/null\nif [ $? != 0 ] ; then\n    # print error to STDERR\n    echo \"error: The sandbox is not in sync with the Podfile.lock. Run 'pod install' or update your CocoaPods installation.\" >&2\n    exit 1\nfi\n# This output is used by Xcode 'outputs' to avoid re-running this script phase.\necho \"SUCCESS\" > \"${SCRIPT_OUTPUT_FILE_0}\"\n";
			showEnvVarsInLog = 0;
		};
/* End PBXShellScriptBuildPhase section */

/* Begin PBXSourcesBuildPhase section */
		5529BBBF25CE75E0008F5865 /* Sources */ = {
			isa = PBXSourcesBuildPhase;
			buildActionMask = 2147483647;
			files = (
				5529BBCB25CE75E0008F5865 /* ViewController.swift in Sources */,
				5529BBC725CE75E0008F5865 /* AppDelegate.swift in Sources */,
				5529BBC925CE75E0008F5865 /* SceneDelegate.swift in Sources */,
			);
			runOnlyForDeploymentPostprocessing = 0;
		};
		5529BBD525CE75E3008F5865 /* Sources */ = {
			isa = PBXSourcesBuildPhase;
			buildActionMask = 2147483647;
			files = (
				5529BBDE25CE75E3008F5865 /* RxDataSourcesSampleTests.swift in Sources */,
			);
			runOnlyForDeploymentPostprocessing = 0;
		};
		5529BBE025CE75E3008F5865 /* Sources */ = {
			isa = PBXSourcesBuildPhase;
			buildActionMask = 2147483647;
			files = (
				5529BBE925CE75E3008F5865 /* RxDataSourcesSampleUITests.swift in Sources */,
			);
			runOnlyForDeploymentPostprocessing = 0;
		};
/* End PBXSourcesBuildPhase section */

/* Begin PBXTargetDependency section */
		5529BBDB25CE75E3008F5865 /* PBXTargetDependency */ = {
			isa = PBXTargetDependency;
			target = 5529BBC225CE75E0008F5865 /* RxDataSourcesSample */;
			targetProxy = 5529BBDA25CE75E3008F5865 /* PBXContainerItemProxy */;
		};
		5529BBE625CE75E3008F5865 /* PBXTargetDependency */ = {
			isa = PBXTargetDependency;
			target = 5529BBC225CE75E0008F5865 /* RxDataSourcesSample */;
			targetProxy = 5529BBE525CE75E3008F5865 /* PBXContainerItemProxy */;
		};
/* End PBXTargetDependency section */

/* Begin PBXVariantGroup section */
		5529BBCC25CE75E0008F5865 /* Main.storyboard */ = {
			isa = PBXVariantGroup;
			children = (
				5529BBCD25CE75E0008F5865 /* Base */,
			);
			name = Main.storyboard;
			sourceTree = "<group>";
		};
		5529BBD125CE75E3008F5865 /* LaunchScreen.storyboard */ = {
			isa = PBXVariantGroup;
			children = (
				5529BBD225CE75E3008F5865 /* Base */,
			);
			name = LaunchScreen.storyboard;
			sourceTree = "<group>";
		};
/* End PBXVariantGroup section */

/* Begin XCBuildConfiguration section */
		5529BBEB25CE75E3008F5865 /* Debug */ = {
			isa = XCBuildConfiguration;
			buildSettings = {
				ALWAYS_SEARCH_USER_PATHS = NO;
				CLANG_ANALYZER_NONNULL = YES;
				CLANG_ANALYZER_NUMBER_OBJECT_CONVERSION = YES_AGGRESSIVE;
				CLANG_CXX_LANGUAGE_STANDARD = "gnu++14";
				CLANG_CXX_LIBRARY = "libc++";
				CLANG_ENABLE_MODULES = YES;
				CLANG_ENABLE_OBJC_ARC = YES;
				CLANG_ENABLE_OBJC_WEAK = YES;
				CLANG_WARN_BLOCK_CAPTURE_AUTORELEASING = YES;
				CLANG_WARN_BOOL_CONVERSION = YES;
				CLANG_WARN_COMMA = YES;
				CLANG_WARN_CONSTANT_CONVERSION = YES;
				CLANG_WARN_DEPRECATED_OBJC_IMPLEMENTATIONS = YES;
				CLANG_WARN_DIRECT_OBJC_ISA_USAGE = YES_ERROR;
				CLANG_WARN_DOCUMENTATION_COMMENTS = YES;
				CLANG_WARN_EMPTY_BODY = YES;
				CLANG_WARN_ENUM_CONVERSION = YES;
				CLANG_WARN_INFINITE_RECURSION = YES;
				CLANG_WARN_INT_CONVERSION = YES;
				CLANG_WARN_NON_LITERAL_NULL_CONVERSION = YES;
				CLANG_WARN_OBJC_IMPLICIT_RETAIN_SELF = YES;
				CLANG_WARN_OBJC_LITERAL_CONVERSION = YES;
				CLANG_WARN_OBJC_ROOT_CLASS = YES_ERROR;
				CLANG_WARN_QUOTED_INCLUDE_IN_FRAMEWORK_HEADER = YES;
				CLANG_WARN_RANGE_LOOP_ANALYSIS = YES;
				CLANG_WARN_STRICT_PROTOTYPES = YES;
				CLANG_WARN_SUSPICIOUS_MOVE = YES;
				CLANG_WARN_UNGUARDED_AVAILABILITY = YES_AGGRESSIVE;
				CLANG_WARN_UNREACHABLE_CODE = YES;
				CLANG_WARN__DUPLICATE_METHOD_MATCH = YES;
				COPY_PHASE_STRIP = NO;
				DEBUG_INFORMATION_FORMAT = dwarf;
				ENABLE_STRICT_OBJC_MSGSEND = YES;
				ENABLE_TESTABILITY = YES;
				GCC_C_LANGUAGE_STANDARD = gnu11;
				GCC_DYNAMIC_NO_PIC = NO;
				GCC_NO_COMMON_BLOCKS = YES;
				GCC_OPTIMIZATION_LEVEL = 0;
				GCC_PREPROCESSOR_DEFINITIONS = (
					"DEBUG=1",
					"$(inherited)",
				);
				GCC_WARN_64_TO_32_BIT_CONVERSION = YES;
				GCC_WARN_ABOUT_RETURN_TYPE = YES_ERROR;
				GCC_WARN_UNDECLARED_SELECTOR = YES;
				GCC_WARN_UNINITIALIZED_AUTOS = YES_AGGRESSIVE;
				GCC_WARN_UNUSED_FUNCTION = YES;
				GCC_WARN_UNUSED_VARIABLE = YES;
				IPHONEOS_DEPLOYMENT_TARGET = 13.0;
				MTL_ENABLE_DEBUG_INFO = INCLUDE_SOURCE;
				MTL_FAST_MATH = YES;
				ONLY_ACTIVE_ARCH = YES;
				SDKROOT = iphoneos;
				SWIFT_ACTIVE_COMPILATION_CONDITIONS = DEBUG;
				SWIFT_OPTIMIZATION_LEVEL = "-Onone";
			};
			name = Debug;
		};
		5529BBEC25CE75E3008F5865 /* Release */ = {
			isa = XCBuildConfiguration;
			buildSettings = {
				ALWAYS_SEARCH_USER_PATHS = NO;
				CLANG_ANALYZER_NONNULL = YES;
				CLANG_ANALYZER_NUMBER_OBJECT_CONVERSION = YES_AGGRESSIVE;
				CLANG_CXX_LANGUAGE_STANDARD = "gnu++14";
				CLANG_CXX_LIBRARY = "libc++";
				CLANG_ENABLE_MODULES = YES;
				CLANG_ENABLE_OBJC_ARC = YES;
				CLANG_ENABLE_OBJC_WEAK = YES;
				CLANG_WARN_BLOCK_CAPTURE_AUTORELEASING = YES;
				CLANG_WARN_BOOL_CONVERSION = YES;
				CLANG_WARN_COMMA = YES;
				CLANG_WARN_CONSTANT_CONVERSION = YES;
				CLANG_WARN_DEPRECATED_OBJC_IMPLEMENTATIONS = YES;
				CLANG_WARN_DIRECT_OBJC_ISA_USAGE = YES_ERROR;
				CLANG_WARN_DOCUMENTATION_COMMENTS = YES;
				CLANG_WARN_EMPTY_BODY = YES;
				CLANG_WARN_ENUM_CONVERSION = YES;
				CLANG_WARN_INFINITE_RECURSION = YES;
				CLANG_WARN_INT_CONVERSION = YES;
				CLANG_WARN_NON_LITERAL_NULL_CONVERSION = YES;
				CLANG_WARN_OBJC_IMPLICIT_RETAIN_SELF = YES;
				CLANG_WARN_OBJC_LITERAL_CONVERSION = YES;
				CLANG_WARN_OBJC_ROOT_CLASS = YES_ERROR;
				CLANG_WARN_QUOTED_INCLUDE_IN_FRAMEWORK_HEADER = YES;
				CLANG_WARN_RANGE_LOOP_ANALYSIS = YES;
				CLANG_WARN_STRICT_PROTOTYPES = YES;
				CLANG_WARN_SUSPICIOUS_MOVE = YES;
				CLANG_WARN_UNGUARDED_AVAILABILITY = YES_AGGRESSIVE;
				CLANG_WARN_UNREACHABLE_CODE = YES;
				CLANG_WARN__DUPLICATE_METHOD_MATCH = YES;
				COPY_PHASE_STRIP = NO;
				DEBUG_INFORMATION_FORMAT = "dwarf-with-dsym";
				ENABLE_NS_ASSERTIONS = NO;
				ENABLE_STRICT_OBJC_MSGSEND = YES;
				GCC_C_LANGUAGE_STANDARD = gnu11;
				GCC_NO_COMMON_BLOCKS = YES;
				GCC_WARN_64_TO_32_BIT_CONVERSION = YES;
				GCC_WARN_ABOUT_RETURN_TYPE = YES_ERROR;
				GCC_WARN_UNDECLARED_SELECTOR = YES;
				GCC_WARN_UNINITIALIZED_AUTOS = YES_AGGRESSIVE;
				GCC_WARN_UNUSED_FUNCTION = YES;
				GCC_WARN_UNUSED_VARIABLE = YES;
				IPHONEOS_DEPLOYMENT_TARGET = 13.0;
				MTL_ENABLE_DEBUG_INFO = NO;
				MTL_FAST_MATH = YES;
				SDKROOT = iphoneos;
				SWIFT_COMPILATION_MODE = wholemodule;
				SWIFT_OPTIMIZATION_LEVEL = "-O";
				VALIDATE_PRODUCT = YES;
			};
			name = Release;
		};
		5529BBEE25CE75E3008F5865 /* Debug */ = {
			isa = XCBuildConfiguration;
			baseConfigurationReference = C2D1B4DF6BE3A680F6358441 /* Pods-RxDataSourcesSample.debug.xcconfig */;
			buildSettings = {
				ASSETCATALOG_COMPILER_APPICON_NAME = AppIcon;
				ASSETCATALOG_COMPILER_GLOBAL_ACCENT_COLOR_NAME = AccentColor;
				CODE_SIGN_STYLE = Automatic;
				DEVELOPMENT_TEAM = MHQ4YYXMS6;
				INFOPLIST_FILE = RxDataSourcesSample/Info.plist;
				IPHONEOS_DEPLOYMENT_TARGET = 13.0;
				LD_RUNPATH_SEARCH_PATHS = (
					"$(inherited)",
					"@executable_path/Frameworks",
				);
				PRODUCT_BUNDLE_IDENTIFIER = com.hayashi.RxDataSourcesSample;
				PRODUCT_NAME = "$(TARGET_NAME)";
				SWIFT_VERSION = 5.0;
				TARGETED_DEVICE_FAMILY = "1,2";
			};
			name = Debug;
		};
		5529BBEF25CE75E3008F5865 /* Release */ = {
			isa = XCBuildConfiguration;
			baseConfigurationReference = 15A2775E78F0FE49BA0D7414 /* Pods-RxDataSourcesSample.release.xcconfig */;
			buildSettings = {
				ASSETCATALOG_COMPILER_APPICON_NAME = AppIcon;
				ASSETCATALOG_COMPILER_GLOBAL_ACCENT_COLOR_NAME = AccentColor;
				CODE_SIGN_STYLE = Automatic;
				DEVELOPMENT_TEAM = MHQ4YYXMS6;
				INFOPLIST_FILE = RxDataSourcesSample/Info.plist;
				IPHONEOS_DEPLOYMENT_TARGET = 13.0;
				LD_RUNPATH_SEARCH_PATHS = (
					"$(inherited)",
					"@executable_path/Frameworks",
				);
				PRODUCT_BUNDLE_IDENTIFIER = com.hayashi.RxDataSourcesSample;
				PRODUCT_NAME = "$(TARGET_NAME)";
				SWIFT_VERSION = 5.0;
				TARGETED_DEVICE_FAMILY = "1,2";
			};
			name = Release;
		};
		5529BBF125CE75E3008F5865 /* Debug */ = {
			isa = XCBuildConfiguration;
			baseConfigurationReference = 84DCCD44942AF29A472BE07B /* Pods-RxDataSourcesSampleTests.debug.xcconfig */;
			buildSettings = {
				ALWAYS_EMBED_SWIFT_STANDARD_LIBRARIES = YES;
				BUNDLE_LOADER = "$(TEST_HOST)";
				CODE_SIGN_STYLE = Automatic;
				DEVELOPMENT_TEAM = MHQ4YYXMS6;
				INFOPLIST_FILE = RxDataSourcesSampleTests/Info.plist;
				IPHONEOS_DEPLOYMENT_TARGET = 13.0;
				LD_RUNPATH_SEARCH_PATHS = (
					"$(inherited)",
					"@executable_path/Frameworks",
					"@loader_path/Frameworks",
				);
				PRODUCT_BUNDLE_IDENTIFIER = com.hayashi.RxDataSourcesSampleTests;
				PRODUCT_NAME = "$(TARGET_NAME)";
				SWIFT_VERSION = 5.0;
				TARGETED_DEVICE_FAMILY = "1,2";
				TEST_HOST = "$(BUILT_PRODUCTS_DIR)/RxDataSourcesSample.app/RxDataSourcesSample";
			};
			name = Debug;
		};
		5529BBF225CE75E3008F5865 /* Release */ = {
			isa = XCBuildConfiguration;
			baseConfigurationReference = 1603CB9EF020EA8F63106F8A /* Pods-RxDataSourcesSampleTests.release.xcconfig */;
			buildSettings = {
				ALWAYS_EMBED_SWIFT_STANDARD_LIBRARIES = YES;
				BUNDLE_LOADER = "$(TEST_HOST)";
				CODE_SIGN_STYLE = Automatic;
				DEVELOPMENT_TEAM = MHQ4YYXMS6;
				INFOPLIST_FILE = RxDataSourcesSampleTests/Info.plist;
				IPHONEOS_DEPLOYMENT_TARGET = 13.0;
				LD_RUNPATH_SEARCH_PATHS = (
					"$(inherited)",
					"@executable_path/Frameworks",
					"@loader_path/Frameworks",
				);
				PRODUCT_BUNDLE_IDENTIFIER = com.hayashi.RxDataSourcesSampleTests;
				PRODUCT_NAME = "$(TARGET_NAME)";
				SWIFT_VERSION = 5.0;
				TARGETED_DEVICE_FAMILY = "1,2";
				TEST_HOST = "$(BUILT_PRODUCTS_DIR)/RxDataSourcesSample.app/RxDataSourcesSample";
			};
			name = Release;
		};
		5529BBF425CE75E3008F5865 /* Debug */ = {
			isa = XCBuildConfiguration;
			baseConfigurationReference = 4265A7DBFE30115242941A80 /* Pods-RxDataSourcesSample-RxDataSourcesSampleUITests.debug.xcconfig */;
			buildSettings = {
				ALWAYS_EMBED_SWIFT_STANDARD_LIBRARIES = YES;
				CODE_SIGN_STYLE = Automatic;
				DEVELOPMENT_TEAM = MHQ4YYXMS6;
				INFOPLIST_FILE = RxDataSourcesSampleUITests/Info.plist;
				LD_RUNPATH_SEARCH_PATHS = (
					"$(inherited)",
					"@executable_path/Frameworks",
					"@loader_path/Frameworks",
				);
				PRODUCT_BUNDLE_IDENTIFIER = com.hayashi.RxDataSourcesSampleUITests;
				PRODUCT_NAME = "$(TARGET_NAME)";
				SWIFT_VERSION = 5.0;
				TARGETED_DEVICE_FAMILY = "1,2";
				TEST_TARGET_NAME = RxDataSourcesSample;
			};
			name = Debug;
		};
		5529BBF525CE75E3008F5865 /* Release */ = {
			isa = XCBuildConfiguration;
			baseConfigurationReference = 8239BB59B16D1210C94F13A8 /* Pods-RxDataSourcesSample-RxDataSourcesSampleUITests.release.xcconfig */;
			buildSettings = {
				ALWAYS_EMBED_SWIFT_STANDARD_LIBRARIES = YES;
				CODE_SIGN_STYLE = Automatic;
				DEVELOPMENT_TEAM = MHQ4YYXMS6;
				INFOPLIST_FILE = RxDataSourcesSampleUITests/Info.plist;
				LD_RUNPATH_SEARCH_PATHS = (
					"$(inherited)",
					"@executable_path/Frameworks",
					"@loader_path/Frameworks",
				);
				PRODUCT_BUNDLE_IDENTIFIER = com.hayashi.RxDataSourcesSampleUITests;
				PRODUCT_NAME = "$(TARGET_NAME)";
				SWIFT_VERSION = 5.0;
				TARGETED_DEVICE_FAMILY = "1,2";
				TEST_TARGET_NAME = RxDataSourcesSample;
			};
			name = Release;
		};
/* End XCBuildConfiguration section */

/* Begin XCConfigurationList section */
		5529BBBE25CE75E0008F5865 /* Build configuration list for PBXProject "RxDataSourcesSample" */ = {
			isa = XCConfigurationList;
			buildConfigurations = (
				5529BBEB25CE75E3008F5865 /* Debug */,
				5529BBEC25CE75E3008F5865 /* Release */,
			);
			defaultConfigurationIsVisible = 0;
			defaultConfigurationName = Release;
		};
		5529BBED25CE75E3008F5865 /* Build configuration list for PBXNativeTarget "RxDataSourcesSample" */ = {
			isa = XCConfigurationList;
			buildConfigurations = (
				5529BBEE25CE75E3008F5865 /* Debug */,
				5529BBEF25CE75E3008F5865 /* Release */,
			);
			defaultConfigurationIsVisible = 0;
			defaultConfigurationName = Release;
		};
		5529BBF025CE75E3008F5865 /* Build configuration list for PBXNativeTarget "RxDataSourcesSampleTests" */ = {
			isa = XCConfigurationList;
			buildConfigurations = (
				5529BBF125CE75E3008F5865 /* Debug */,
				5529BBF225CE75E3008F5865 /* Release */,
			);
			defaultConfigurationIsVisible = 0;
			defaultConfigurationName = Release;
		};
		5529BBF325CE75E3008F5865 /* Build configuration list for PBXNativeTarget "RxDataSourcesSampleUITests" */ = {
			isa = XCConfigurationList;
			buildConfigurations = (
				5529BBF425CE75E3008F5865 /* Debug */,
				5529BBF525CE75E3008F5865 /* Release */,
			);
			defaultConfigurationIsVisible = 0;
			defaultConfigurationName = Release;
		};
/* End XCConfigurationList section */
	};
	rootObject = 5529BBBB25CE75E0008F5865 /* Project object */;
}
